github.com/gershwinlabs/gokml v0.0.0-20140526215030-bef235f35f9c h1:YRugi8sQVQBkbdQMWq8py4z7LSgKvF8AivuoRI9QN9g=
github.com/gershwinlabs/gokml v0.0.0-20140526215030-bef235f35f9c/go.mod h1:/U44VTgC0m1DJABiuyS6TJpNItrSs2KAGzcpANhbJUw=
github.com/gogo/protobuf v1.3.0/go.mod h1:SlYgWuQ5SjCEi6WLHjHCa1yvBfUnHcTbrrZtXPKa29o=
github.com/golang/geo v0.0.0-20190916061304-5b978397cfec h1:lJwO/92dFXWeXOZdoGXgptLmNLwynMSHUmU6besqtiw=
github.com/golang/geo v0.0.0-20190916061304-5b978397cfec/go.mod h1:QZ0nwyI2jOfgRAoBvP+ab5aRr7c9x7lhGEJrKvBwjWI=
github.com/golang/protobuf v1.3.2 h1:6nsPYzhq5kReh6QImI3k5qWzO4PEbvbIW2cwSfR/6xs=
github.com/golang/protobuf v1.3.2/go.mod h1:6lQm79b+lXiMfvg/cZm0SGofjICqVBUtrP5yJMmIC1U=
github.com/im7mortal/UTM v1.2.0 h1:+zEEbRNrhM8QUspF6G+iOgZ2L7wLXOppdv09FgDES/w=
github.com/im7mortal/UTM v1.2.0/go.mod h1:2NjXqikKdBoolkoo3OEDLoxWW5thIIP4Wr76RBAtrYU=
github.com/kisielk/errcheck v1.2.0/go.mod h1:/BMXB+zMLi60iA8Vv6Ksmxu/1UDYcXs4uQLJ+jE2L00=
github.com/kisielk/gotool v1.0.0/go.mod h1:XhKaO+MFFWcvkIS/tQcRk01m1F5IRFswLeQ+oQHNcck=
github.com/patrickbr/gtfsparser v0.0.0-20190626145000-1a9ecb04a337 h1:iUYS+7aoFfBHUjABLHQVnOfhfqjHCRRYnhvyoTyt+iY=
github.com/patrickbr/gtfsparser v0.0.0-20190626145000-1a9ecb04a337/go.mod h1:L88c76QEIfk3Z5pr1S715jfv1EIEVZ7BvNiefxz4o3o=
github.com/paulmach/orb v0.1.4 h1:2KWHb2n77eXaN6DGc6frxy7mlqXaUFfkRlrmjniwLfw=
github.com/paulmach/orb v0.1.4/go.mod h1:pPwxxs3zoAyosNSbNKn1jiXV2+oovRDObDKfTvRegDI=
github.com/pkg/errors v0.8.1/go.mod h1:bwawxfHBFNV+L2hUp1rHADufV3IMtnDRdf1r5NINEl0=
github.com/thingful/transit_realtime v0.0.0-20160302010101-10b58115df9e h1:xcI9/ckGNVK3gQcGxrys+cnj4CUmBNBnwo42hanV8Vk=
github.com/thingful/transit_realtime v0.0.0-20160302010101-10b58115df9e/go.mod h1:juI+4fTbpnTGVVa3Vzz9ZqEykOFwTLgRQH3lcfT4pBA=
golang.org/x/tools v0.0.0-20181030221726-6c7e314b6563/go.mod h1:n7NCudcB/nEzxVGmLbDWY5pfWTLqBcC2KZ6jyYvM4mQ=
